
Microsoft Visual Studio Solution File, Format Version 12.00
# Visual Studio Version 17
VisualStudioVersion = 17.5.33502.453
MinimumVisualStudioVersion = 10.0.40219.1
Project("{9A19103F-16F7-4668-BE54-9A1E7A4F7556}") = "GreenKaleAndYamsApi.WebFunction", "GreenKaleAndYamsApi.WebFunction\GreenKaleAndYamsApi.WebFunction.csproj", "{98480A49-0551-45F0-9004-97E56A893B27}"
EndProject
Project("{9A19103F-16F7-4668-BE54-9A1E7A4F7556}") = "GreenKaleAndYamsApi.Domain", "GreenKaleAndYamsApi.Domain\GreenKaleAndYamsApi.Domain.csproj", "{F398072B-A1E4-4FB4-A878-A9D32D9550AF}"
EndProject
Project("{9A19103F-16F7-4668-BE54-9A1E7A4F7556}") = "GreenKaleAndYamsApi.TestUtilities", "GreenKaleAndYamsApi.TestUtilities\GreenKaleAndYamsApi.TestUtilities.csproj", "{B05313A3-612A-4B3D-8B46-0509F9AE4DCE}"
EndProject
Project("{9A19103F-16F7-4668-BE54-9A1E7A4F7556}") = "GreenKaleAndYamsApi.WebFunction.Tests", "GreenKaleAndYamsApi.WebFunction.Tests\GreenKaleAndYamsApi.WebFunction.Tests.csproj", "{05BC0DB2-5326-4627-AAA5-03CBCF0B6A55}"
EndProject
Project("{9A19103F-16F7-4668-BE54-9A1E7A4F7556}") = "GreenKaleAndYamsApi.Data", "GreenKaleAndYamsApi.Data\GreenKaleAndYamsApi.Data.csproj", "{1339C412-F2AC-4907-869A-A71C6D9223D0}"
EndProject
Project("{9A19103F-16F7-4668-BE54-9A1E7A4F7556}") = "GreenKaleAndYamsApi.DataEntities", "GreenKaleAndYamsApi.DataEntities\GreenKaleAndYamsApi.DataEntities.csproj", "{1C8C59C4-D623-464F-BF32-E61C239BE980}"
EndProject
Global
	GlobalSection(SolutionConfigurationPlatforms) = preSolution
		Debug|Any CPU = Debug|Any CPU
		Release|Any CPU = Release|Any CPU
	EndGlobalSection
	GlobalSection(ProjectConfigurationPlatforms) = postSolution
		{98480A49-0551-45F0-9004-97E56A893B27}.Debug|Any CPU.ActiveCfg = Debug|Any CPU
		{98480A49-0551-45F0-9004-97E56A893B27}.Debug|Any CPU.Build.0 = Debug|Any CPU
		{98480A49-0551-45F0-9004-97E56A893B27}.Release|Any CPU.ActiveCfg = Release|Any CPU
		{98480A49-0551-45F0-9004-97E56A893B27}.Release|Any CPU.Build.0 = Release|Any CPU
		{F398072B-A1E4-4FB4-A878-A9D32D9550AF}.Debug|Any CPU.ActiveCfg = Debug|Any CPU
		{F398072B-A1E4-4FB4-A878-A9D32D9550AF}.Debug|Any CPU.Build.0 = Debug|Any CPU
		{F398072B-A1E4-4FB4-A878-A9D32D9550AF}.Release|Any CPU.ActiveCfg = Release|Any CPU
		{F398072B-A1E4-4FB4-A878-A9D32D9550AF}.Release|Any CPU.Build.0 = Release|Any CPU
		{B05313A3-612A-4B3D-8B46-0509F9AE4DCE}.Debug|Any CPU.ActiveCfg = Debug|Any CPU
		{B05313A3-612A-4B3D-8B46-0509F9AE4DCE}.Debug|Any CPU.Build.0 = Debug|Any CPU
		{B05313A3-612A-4B3D-8B46-0509F9AE4DCE}.Release|Any CPU.ActiveCfg = Release|Any CPU
		{B05313A3-612A-4B3D-8B46-0509F9AE4DCE}.Release|Any CPU.Build.0 = Release|Any CPU
		{05BC0DB2-5326-4627-AAA5-03CBCF0B6A55}.Debug|Any CPU.ActiveCfg = Debug|Any CPU
		{05BC0DB2-5326-4627-AAA5-03CBCF0B6A55}.Debug|Any CPU.Build.0 = Debug|Any CPU
		{05BC0DB2-5326-4627-AAA5-03CBCF0B6A55}.Release|Any CPU.ActiveCfg = Release|Any CPU
		{05BC0DB2-5326-4627-AAA5-03CBCF0B6A55}.Release|Any CPU.Build.0 = Release|Any CPU
		{1339C412-F2AC-4907-869A-A71C6D9223D0}.Debug|Any CPU.ActiveCfg = Debug|Any CPU
		{1339C412-F2AC-4907-869A-A71C6D9223D0}.Debug|Any CPU.Build.0 = Debug|Any CPU
		{1339C412-F2AC-4907-869A-A71C6D9223D0}.Release|Any CPU.ActiveCfg = Release|Any CPU
		{1339C412-F2AC-4907-869A-A71C6D9223D0}.Release|Any CPU.Build.0 = Release|Any CPU
		{1C8C59C4-D623-464F-BF32-E61C239BE980}.Debug|Any CPU.ActiveCfg = Debug|Any CPU
		{1C8C59C4-D623-464F-BF32-E61C239BE980}.Debug|Any CPU.Build.0 = Debug|Any CPU
		{1C8C59C4-D623-464F-BF32-E61C239BE980}.Release|Any CPU.ActiveCfg = Release|Any CPU
		{1C8C59C4-D623-464F-BF32-E61C239BE980}.Release|Any CPU.Build.0 = Release|Any CPU
	EndGlobalSection
	GlobalSection(SolutionProperties) = preSolution
		HideSolutionNode = FALSE
	EndGlobalSection
	GlobalSection(ExtensibilityGlobals) = postSolution
		SolutionGuid = {7C12F538-59E0-479A-ABEF-A02E7DB9A7F9}
	EndGlobalSection
EndGlobal
